{
  "lockfileVersion": 1,
  "configVersion": 1,
  "workspaces": {
    "": {
      "name": "zen",
      "dependencies": {
        "@ant-design/icons": "5.x",
        "antd": "^5.28.1",
        "react": "^19",
        "react-dom": "^19",
        "toml": "^3.0.0",
      },
      "devDependencies": {
        "@types/bun": "latest",
        "@types/react": "^19",
        "@types/react-dom": "^19",
      },
    },
  },
  "packages": {
    "@ant-design/colors": ["@ant-design/colors@7.2.1", "", { "dependencies": { "@ant-design/fast-color": "^2.0.6" } }, "sha512-lCHDcEzieu4GA3n8ELeZ5VQ8pKQAWcGGLRTQ50aQM2iqPpq2evTxER84jfdPvsPAtEcZ7m44NI45edFMo8oOYQ=="],

    "@ant-design/cssinjs": ["@ant-design/cssinjs@1.24.0", "", { "dependencies": { "@babel/runtime": "^7.11.1", "@emotion/hash": "^0.8.0", "@emotion/unitless": "^0.7.5", "classnames": "^2.3.1", "csstype": "^3.1.3", "rc-util": "^5.35.0", "stylis": "^4.3.4" }, "peerDependencies": { "react": ">=16.0.0", "react-dom": ">=16.0.0" } }, "sha512-K4cYrJBsgvL+IoozUXYjbT6LHHNt+19a9zkvpBPxLjFHas1UpPM2A5MlhROb0BT8N8WoavM5VsP9MeSeNK/3mg=="],

    "@ant-design/cssinjs-utils": ["@ant-design/cssinjs-utils@1.1.3", "", { "dependencies": { "@ant-design/cssinjs": "^1.21.0", "@babel/runtime": "^7.23.2", "rc-util": "^5.38.0" }, "peerDependencies": { "react": ">=16.9.0", "react-dom": ">=16.9.0" } }, "sha512-nOoQMLW1l+xR1Co8NFVYiP8pZp3VjIIzqV6D6ShYF2ljtdwWJn5WSsH+7kvCktXL/yhEtWURKOfH5Xz/gzlwsg=="],

    "@ant-design/fast-color": ["@ant-design/fast-color@2.0.6", "", { "dependencies": { "@babel/runtime": "^7.24.7" } }, "sha512-y2217gk4NqL35giHl72o6Zzqji9O7vHh9YmhUVkPtAOpoTCH4uWxo/pr4VE8t0+ChEPs0qo4eJRC5Q1eXWo3vA=="],

    "@ant-design/icons": ["@ant-design/icons@5.6.1", "", { "dependencies": { "@ant-design/colors": "^7.0.0", "@ant-design/icons-svg": "^4.4.0", "@babel/runtime": "^7.24.8", "classnames": "^2.2.6", "rc-util": "^5.31.1" }, "peerDependencies": { "react": ">=16.0.0", "react-dom": ">=16.0.0" } }, "sha512-0/xS39c91WjPAZOWsvi1//zjx6kAp4kxWwctR6kuU6p133w8RU0D2dSCvZC19uQyharg/sAvYxGYWl01BbZZfg=="],

    "@ant-design/icons-svg": ["@ant-design/icons-svg@4.4.2", "", {}, "sha512-vHbT+zJEVzllwP+CM+ul7reTEfBR0vgxFe7+lREAsAA7YGsYpboiq2sQNeQeRvh09GfQgs/GyFEvZpJ9cLXpXA=="],

    "@ant-design/react-slick": ["@ant-design/react-slick@1.1.2", "", { "dependencies": { "@babel/runtime": "^7.10.4", "classnames": "^2.2.5", "json2mq": "^0.2.0", "resize-observer-polyfill": "^1.5.1", "throttle-debounce": "^5.0.0" }, "peerDependencies": { "react": ">=16.9.0" } }, "sha512-EzlvzE6xQUBrZuuhSAFTdsr4P2bBBHGZwKFemEfq8gIGyIQCxalYfZW/T2ORbtQx5rU69o+WycP3exY/7T1hGA=="],

    "@babel/runtime": ["@babel/runtime@7.28.4", "", {}, "sha512-Q/N6JNWvIvPnLDvjlE1OUBLPQHH6l3CltCEsHIujp45zQUSSh8K+gHnaEX45yAT1nyngnINhvWtzN+Nb9D8RAQ=="],

    "@emotion/hash": ["@emotion/hash@0.8.0", "", {}, "sha512-kBJtf7PH6aWwZ6fka3zQ0p6SBYzx4fl1LoZXE2RrnYST9Xljm7WfKJrU4g/Xr3Beg72MLrp1AWNUmuYJTL7Cow=="],

    "@emotion/unitless": ["@emotion/unitless@0.7.5", "", {}, "sha512-OWORNpfjMsSSUBVrRBVGECkhWcULOAJz9ZW8uK9qgxD+87M7jHRcvh/A96XXNhXTLmKcoYSQtBEX7lHMO7YRwg=="],

    "@rc-component/async-validator": ["@rc-component/async-validator@5.0.4", "", { "dependencies": { "@babel/runtime": "^7.24.4" } }, "sha512-qgGdcVIF604M9EqjNF0hbUTz42bz/RDtxWdWuU5EQe3hi7M8ob54B6B35rOsvX5eSvIHIzT9iH1R3n+hk3CGfg=="],

    "@rc-component/color-picker": ["@rc-component/color-picker@2.0.1", "", { "dependencies": { "@ant-design/fast-color": "^2.0.6", "@babel/runtime": "^7.23.6", "classnames": "^2.2.6", "rc-util": "^5.38.1" }, "peerDependencies": { "react": ">=16.9.0", "react-dom": ">=16.9.0" } }, "sha512-WcZYwAThV/b2GISQ8F+7650r5ZZJ043E57aVBFkQ+kSY4C6wdofXgB0hBx+GPGpIU0Z81eETNoDUJMr7oy/P8Q=="],

    "@rc-component/context": ["@rc-component/context@1.4.0", "", { "dependencies": { "@babel/runtime": "^7.10.1", "rc-util": "^5.27.0" }, "peerDependencies": { "react": ">=16.9.0", "react-dom": ">=16.9.0" } }, "sha512-kFcNxg9oLRMoL3qki0OMxK+7g5mypjgaaJp/pkOis/6rVxma9nJBF/8kCIuTYHUQNr0ii7MxqE33wirPZLJQ2w=="],

    "@rc-component/mini-decimal": ["@rc-component/mini-decimal@1.1.0", "", { "dependencies": { "@babel/runtime": "^7.18.0" } }, "sha512-jS4E7T9Li2GuYwI6PyiVXmxTiM6b07rlD9Ge8uGZSCz3WlzcG5ZK7g5bbuKNeZ9pgUuPK/5guV781ujdVpm4HQ=="],

    "@rc-component/mutate-observer": ["@rc-component/mutate-observer@1.1.0", "", { "dependencies": { "@babel/runtime": "^7.18.0", "classnames": "^2.3.2", "rc-util": "^5.24.4" }, "peerDependencies": { "react": ">=16.9.0", "react-dom": ">=16.9.0" } }, "sha512-QjrOsDXQusNwGZPf4/qRQasg7UFEj06XiCJ8iuiq/Io7CrHrgVi6Uuetw60WAMG1799v+aM8kyc+1L/GBbHSlw=="],

    "@rc-component/portal": ["@rc-component/portal@1.1.2", "", { "dependencies": { "@babel/runtime": "^7.18.0", "classnames": "^2.3.2", "rc-util": "^5.24.4" }, "peerDependencies": { "react": ">=16.9.0", "react-dom": ">=16.9.0" } }, "sha512-6f813C0IsasTZms08kfA8kPAGxbbkYToa8ALaiDIGGECU4i9hj8Plgbx0sNJDrey3EtHO30hmdaxtT0138xZcg=="],

    "@rc-component/qrcode": ["@rc-component/qrcode@1.1.0", "", { "dependencies": { "@babel/runtime": "^7.24.7", "classnames": "^2.3.2" }, "peerDependencies": { "react": ">=16.9.0", "react-dom": ">=16.9.0" } }, "sha512-ABA80Yer0c6I2+moqNY0kF3Y1NxIT6wDP/EINIqbiRbfZKP1HtHpKMh8WuTXLgVGYsoWG2g9/n0PgM8KdnJb4Q=="],

    "@rc-component/tour": ["@rc-component/tour@1.15.1", "", { "dependencies": { "@babel/runtime": "^7.18.0", "@rc-component/portal": "^1.0.0-9", "@rc-component/trigger": "^2.0.0", "classnames": "^2.3.2", "rc-util": "^5.24.4" }, "peerDependencies": { "react": ">=16.9.0", "react-dom": ">=16.9.0" } }, "sha512-Tr2t7J1DKZUpfJuDZWHxyxWpfmj8EZrqSgyMZ+BCdvKZ6r1UDsfU46M/iWAAFBy961Ssfom2kv5f3UcjIL2CmQ=="],

    "@rc-component/trigger": ["@rc-component/trigger@2.3.0", "", { "dependencies": { "@babel/runtime": "^7.23.2", "@rc-component/portal": "^1.1.0", "classnames": "^2.3.2", "rc-motion": "^2.0.0", "rc-resize-observer": "^1.3.1", "rc-util": "^5.44.0" }, "peerDependencies": { "react": ">=16.9.0", "react-dom": ">=16.9.0" } }, "sha512-iwaxZyzOuK0D7lS+0AQEtW52zUWxoGqTGkke3dRyb8pYiShmRpCjB/8TzPI4R6YySCH7Vm9BZj/31VPiiQTLBg=="],

    "@types/bun": ["@types/bun@1.3.2", "", { "dependencies": { "bun-types": "1.3.2" } }, "sha512-t15P7k5UIgHKkxwnMNkJbWlh/617rkDGEdSsDbu+qNHTaz9SKf7aC8fiIlUdD5RPpH6GEkP0cK7WlvmrEBRtWg=="],

    "@types/node": ["@types/node@24.10.1", "", { "dependencies": { "undici-types": "~7.16.0" } }, "sha512-GNWcUTRBgIRJD5zj+Tq0fKOJ5XZajIiBroOF0yvj2bSU1WvNdYS/dn9UxwsujGW4JX06dnHyjV2y9rRaybH0iQ=="],

    "@types/react": ["@types/react@19.2.3", "", { "dependencies": { "csstype": "^3.0.2" } }, "sha512-k5dJVszUiNr1DSe8Cs+knKR6IrqhqdhpUwzqhkS8ecQTSf3THNtbfIp/umqHMpX2bv+9dkx3fwDv/86LcSfvSg=="],

    "@types/react-dom": ["@types/react-dom@19.2.2", "", { "peerDependencies": { "@types/react": "^19.2.0" } }, "sha512-9KQPoO6mZCi7jcIStSnlOWn2nEF3mNmyr3rIAsGnAbQKYbRLyqmeSc39EVgtxXVia+LMT8j3knZLAZAh+xLmrw=="],

    "antd": ["antd@5.28.1", "", { "dependencies": { "@ant-design/colors": "^7.2.1", "@ant-design/cssinjs": "^1.23.0", "@ant-design/cssinjs-utils": "^1.1.3", "@ant-design/fast-color": "^2.0.6", "@ant-design/icons": "^5.6.1", "@ant-design/react-slick": "~1.1.2", "@babel/runtime": "^7.26.0", "@rc-component/color-picker": "~2.0.1", "@rc-component/mutate-observer": "^1.1.0", "@rc-component/qrcode": "~1.1.0", "@rc-component/tour": "~1.15.1", "@rc-component/trigger": "^2.3.0", "classnames": "^2.5.1", "copy-to-clipboard": "^3.3.3", "dayjs": "^1.11.11", "rc-cascader": "~3.34.0", "rc-checkbox": "~3.5.0", "rc-collapse": "~3.9.0", "rc-dialog": "~9.6.0", "rc-drawer": "~7.3.0", "rc-dropdown": "~4.2.1", "rc-field-form": "~2.7.1", "rc-image": "~7.12.0", "rc-input": "~1.8.0", "rc-input-number": "~9.5.0", "rc-mentions": "~2.20.0", "rc-menu": "~9.16.1", "rc-motion": "^2.9.5", "rc-notification": "~5.6.4", "rc-pagination": "~5.1.0", "rc-picker": "~4.11.3", "rc-progress": "~4.0.0", "rc-rate": "~2.13.1", "rc-resize-observer": "^1.4.3", "rc-segmented": "~2.7.0", "rc-select": "~14.16.8", "rc-slider": "~11.1.9", "rc-steps": "~6.0.1", "rc-switch": "~4.1.0", "rc-table": "~7.54.0", "rc-tabs": "~15.7.0", "rc-textarea": "~1.10.2", "rc-tooltip": "~6.4.0", "rc-tree": "~5.13.1", "rc-tree-select": "~5.27.0", "rc-upload": "~4.11.0", "rc-util": "^5.44.4", "scroll-into-view-if-needed": "^3.1.0", "throttle-debounce": "^5.0.2" }, "peerDependencies": { "react": ">=16.9.0", "react-dom": ">=16.9.0" } }, "sha512-ZfPjbv3pY/jRnBFFn3L1UIRltaW9H4QovokZzNA57EgH3hEhWxQ3wWVfWmU6a3Q1GpbOgWQBJK2vsuoPIYuc9g=="],

    "bun-types": ["bun-types@1.3.2", "", { "dependencies": { "@types/node": "*" }, "peerDependencies": { "@types/react": "^19" } }, "sha512-i/Gln4tbzKNuxP70OWhJRZz1MRfvqExowP7U6JKoI8cntFrtxg7RJK3jvz7wQW54UuvNC8tbKHHri5fy74FVqg=="],

    "classnames": ["classnames@2.5.1", "", {}, "sha512-saHYOzhIQs6wy2sVxTM6bUDsQO4F50V9RQ22qBpEdCW+I+/Wmke2HOl6lS6dTpdxVhb88/I6+Hs+438c3lfUow=="],

    "compute-scroll-into-view": ["compute-scroll-into-view@3.1.1", "", {}, "sha512-VRhuHOLoKYOy4UbilLbUzbYg93XLjv2PncJC50EuTWPA3gaja1UjBsUP/D/9/juV3vQFr6XBEzn9KCAHdUvOHw=="],

    "copy-to-clipboard": ["copy-to-clipboard@3.3.3", "", { "dependencies": { "toggle-selection": "^1.0.6" } }, "sha512-2KV8NhB5JqC3ky0r9PMCAZKbUHSwtEo4CwCs0KXgruG43gX5PMqDEBbVU4OUzw2MuAWUfsuFmWvEKG5QRfSnJA=="],

    "csstype": ["csstype@3.1.3", "", {}, "sha512-M1uQkMl8rQK/szD0LNhtqxIPLpimGm8sOBwU7lLnCpSbTyY3yeU1Vc7l4KT5zT4s/yOxHH5O7tIuuLOCnLADRw=="],

    "dayjs": ["dayjs@1.11.19", "", {}, "sha512-t5EcLVS6QPBNqM2z8fakk/NKel+Xzshgt8FFKAn+qwlD1pzZWxh0nVCrvFK7ZDb6XucZeF9z8C7CBWTRIVApAw=="],

    "json2mq": ["json2mq@0.2.0", "", { "dependencies": { "string-convert": "^0.2.0" } }, "sha512-SzoRg7ux5DWTII9J2qkrZrqV1gt+rTaoufMxEzXbS26Uid0NwaJd123HcoB80TgubEppxxIGdNxCx50fEoEWQA=="],

    "rc-cascader": ["rc-cascader@3.34.0", "", { "dependencies": { "@babel/runtime": "^7.25.7", "classnames": "^2.3.1", "rc-select": "~14.16.2", "rc-tree": "~5.13.0", "rc-util": "^5.43.0" }, "peerDependencies": { "react": ">=16.9.0", "react-dom": ">=16.9.0" } }, "sha512-KpXypcvju9ptjW9FaN2NFcA2QH9E9LHKq169Y0eWtH4e/wHQ5Wh5qZakAgvb8EKZ736WZ3B0zLLOBsrsja5Dag=="],

    "rc-checkbox": ["rc-checkbox@3.5.0", "", { "dependencies": { "@babel/runtime": "^7.10.1", "classnames": "^2.3.2", "rc-util": "^5.25.2" }, "peerDependencies": { "react": ">=16.9.0", "react-dom": ">=16.9.0" } }, "sha512-aOAQc3E98HteIIsSqm6Xk2FPKIER6+5vyEFMZfo73TqM+VVAIqOkHoPjgKLqSNtVLWScoaM7vY2ZrGEheI79yg=="],

    "rc-collapse": ["rc-collapse@3.9.0", "", { "dependencies": { "@babel/runtime": "^7.10.1", "classnames": "2.x", "rc-motion": "^2.3.4", "rc-util": "^5.27.0" }, "peerDependencies": { "react": ">=16.9.0", "react-dom": ">=16.9.0" } }, "sha512-swDdz4QZ4dFTo4RAUMLL50qP0EY62N2kvmk2We5xYdRwcRn8WcYtuetCJpwpaCbUfUt5+huLpVxhvmnK+PHrkA=="],

    "rc-dialog": ["rc-dialog@9.6.0", "", { "dependencies": { "@babel/runtime": "^7.10.1", "@rc-component/portal": "^1.0.0-8", "classnames": "^2.2.6", "rc-motion": "^2.3.0", "rc-util": "^5.21.0" }, "peerDependencies": { "react": ">=16.9.0", "react-dom": ">=16.9.0" } }, "sha512-ApoVi9Z8PaCQg6FsUzS8yvBEQy0ZL2PkuvAgrmohPkN3okps5WZ5WQWPc1RNuiOKaAYv8B97ACdsFU5LizzCqg=="],

    "rc-drawer": ["rc-drawer@7.3.0", "", { "dependencies": { "@babel/runtime": "^7.23.9", "@rc-component/portal": "^1.1.1", "classnames": "^2.2.6", "rc-motion": "^2.6.1", "rc-util": "^5.38.1" }, "peerDependencies": { "react": ">=16.9.0", "react-dom": ">=16.9.0" } }, "sha512-DX6CIgiBWNpJIMGFO8BAISFkxiuKitoizooj4BDyee8/SnBn0zwO2FHrNDpqqepj0E/TFTDpmEBCyFuTgC7MOg=="],

    "rc-dropdown": ["rc-dropdown@4.2.1", "", { "dependencies": { "@babel/runtime": "^7.18.3", "@rc-component/trigger": "^2.0.0", "classnames": "^2.2.6", "rc-util": "^5.44.1" }, "peerDependencies": { "react": ">=16.11.0", "react-dom": ">=16.11.0" } }, "sha512-YDAlXsPv3I1n42dv1JpdM7wJ+gSUBfeyPK59ZpBD9jQhK9jVuxpjj3NmWQHOBceA1zEPVX84T2wbdb2SD0UjmA=="],

    "rc-field-form": ["rc-field-form@2.7.1", "", { "dependencies": { "@babel/runtime": "^7.18.0", "@rc-component/async-validator": "^5.0.3", "rc-util": "^5.32.2" }, "peerDependencies": { "react": ">=16.9.0", "react-dom": ">=16.9.0" } }, "sha512-vKeSifSJ6HoLaAB+B8aq/Qgm8a3dyxROzCtKNCsBQgiverpc4kWDQihoUwzUj+zNWJOykwSY4dNX3QrGwtVb9A=="],

    "rc-image": ["rc-image@7.12.0", "", { "dependencies": { "@babel/runtime": "^7.11.2", "@rc-component/portal": "^1.0.2", "classnames": "^2.2.6", "rc-dialog": "~9.6.0", "rc-motion": "^2.6.2", "rc-util": "^5.34.1" }, "peerDependencies": { "react": ">=16.9.0", "react-dom": ">=16.9.0" } }, "sha512-cZ3HTyyckPnNnUb9/DRqduqzLfrQRyi+CdHjdqgsyDpI3Ln5UX1kXnAhPBSJj9pVRzwRFgqkN7p9b6HBDjmu/Q=="],

    "rc-input": ["rc-input@1.8.0", "", { "dependencies": { "@babel/runtime": "^7.11.1", "classnames": "^2.2.1", "rc-util": "^5.18.1" }, "peerDependencies": { "react": ">=16.0.0", "react-dom": ">=16.0.0" } }, "sha512-KXvaTbX+7ha8a/k+eg6SYRVERK0NddX8QX7a7AnRvUa/rEH0CNMlpcBzBkhI0wp2C8C4HlMoYl8TImSN+fuHKA=="],

    "rc-input-number": ["rc-input-number@9.5.0", "", { "dependencies": { "@babel/runtime": "^7.10.1", "@rc-component/mini-decimal": "^1.0.1", "classnames": "^2.2.5", "rc-input": "~1.8.0", "rc-util": "^5.40.1" }, "peerDependencies": { "react": ">=16.9.0", "react-dom": ">=16.9.0" } }, "sha512-bKaEvB5tHebUURAEXw35LDcnRZLq3x1k7GxfAqBMzmpHkDGzjAtnUL8y4y5N15rIFIg5IJgwr211jInl3cipag=="],

    "rc-mentions": ["rc-mentions@2.20.0", "", { "dependencies": { "@babel/runtime": "^7.22.5", "@rc-component/trigger": "^2.0.0", "classnames": "^2.2.6", "rc-input": "~1.8.0", "rc-menu": "~9.16.0", "rc-textarea": "~1.10.0", "rc-util": "^5.34.1" }, "peerDependencies": { "react": ">=16.9.0", "react-dom": ">=16.9.0" } }, "sha512-w8HCMZEh3f0nR8ZEd466ATqmXFCMGMN5UFCzEUL0bM/nGw/wOS2GgRzKBcm19K++jDyuWCOJOdgcKGXU3fXfbQ=="],

    "rc-menu": ["rc-menu@9.16.1", "", { "dependencies": { "@babel/runtime": "^7.10.1", "@rc-component/trigger": "^2.0.0", "classnames": "2.x", "rc-motion": "^2.4.3", "rc-overflow": "^1.3.1", "rc-util": "^5.27.0" }, "peerDependencies": { "react": ">=16.9.0", "react-dom": ">=16.9.0" } }, "sha512-ghHx6/6Dvp+fw8CJhDUHFHDJ84hJE3BXNCzSgLdmNiFErWSOaZNsihDAsKq9ByTALo/xkNIwtDFGIl6r+RPXBg=="],

    "rc-motion": ["rc-motion@2.9.5", "", { "dependencies": { "@babel/runtime": "^7.11.1", "classnames": "^2.2.1", "rc-util": "^5.44.0" }, "peerDependencies": { "react": ">=16.9.0", "react-dom": ">=16.9.0" } }, "sha512-w+XTUrfh7ArbYEd2582uDrEhmBHwK1ZENJiSJVb7uRxdE7qJSYjbO2eksRXmndqyKqKoYPc9ClpPh5242mV1vA=="],

    "rc-notification": ["rc-notification@5.6.4", "", { "dependencies": { "@babel/runtime": "^7.10.1", "classnames": "2.x", "rc-motion": "^2.9.0", "rc-util": "^5.20.1" }, "peerDependencies": { "react": ">=16.9.0", "react-dom": ">=16.9.0" } }, "sha512-KcS4O6B4qzM3KH7lkwOB7ooLPZ4b6J+VMmQgT51VZCeEcmghdeR4IrMcFq0LG+RPdnbe/ArT086tGM8Snimgiw=="],

    "rc-overflow": ["rc-overflow@1.5.0", "", { "dependencies": { "@babel/runtime": "^7.11.1", "classnames": "^2.2.1", "rc-resize-observer": "^1.0.0", "rc-util": "^5.37.0" }, "peerDependencies": { "react": ">=16.9.0", "react-dom": ">=16.9.0" } }, "sha512-Lm/v9h0LymeUYJf0x39OveU52InkdRXqnn2aYXfWmo8WdOonIKB2kfau+GF0fWq6jPgtdO9yMqveGcK6aIhJmg=="],

    "rc-pagination": ["rc-pagination@5.1.0", "", { "dependencies": { "@babel/runtime": "^7.10.1", "classnames": "^2.3.2", "rc-util": "^5.38.0" }, "peerDependencies": { "react": ">=16.9.0", "react-dom": ">=16.9.0" } }, "sha512-8416Yip/+eclTFdHXLKTxZvn70duYVGTvUUWbckCCZoIl3jagqke3GLsFrMs0bsQBikiYpZLD9206Ej4SOdOXQ=="],

    "rc-picker": ["rc-picker@4.11.3", "", { "dependencies": { "@babel/runtime": "^7.24.7", "@rc-component/trigger": "^2.0.0", "classnames": "^2.2.1", "rc-overflow": "^1.3.2", "rc-resize-observer": "^1.4.0", "rc-util": "^5.43.0" }, "peerDependencies": { "date-fns": ">= 2.x", "dayjs": ">= 1.x", "luxon": ">= 3.x", "moment": ">= 2.x", "react": ">=16.9.0", "react-dom": ">=16.9.0" }, "optionalPeers": ["date-fns", "dayjs", "luxon", "moment"] }, "sha512-MJ5teb7FlNE0NFHTncxXQ62Y5lytq6sh5nUw0iH8OkHL/TjARSEvSHpr940pWgjGANpjCwyMdvsEV55l5tYNSg=="],

    "rc-progress": ["rc-progress@4.0.0", "", { "dependencies": { "@babel/runtime": "^7.10.1", "classnames": "^2.2.6", "rc-util": "^5.16.1" }, "peerDependencies": { "react": ">=16.9.0", "react-dom": ">=16.9.0" } }, "sha512-oofVMMafOCokIUIBnZLNcOZFsABaUw8PPrf1/y0ZBvKZNpOiu5h4AO9vv11Sw0p4Hb3D0yGWuEattcQGtNJ/aw=="],

    "rc-rate": ["rc-rate@2.13.1", "", { "dependencies": { "@babel/runtime": "^7.10.1", "classnames": "^2.2.5", "rc-util": "^5.0.1" }, "peerDependencies": { "react": ">=16.9.0", "react-dom": ">=16.9.0" } }, "sha512-QUhQ9ivQ8Gy7mtMZPAjLbxBt5y9GRp65VcUyGUMF3N3fhiftivPHdpuDIaWIMOTEprAjZPC08bls1dQB+I1F2Q=="],

    "rc-resize-observer": ["rc-resize-observer@1.4.3", "", { "dependencies": { "@babel/runtime": "^7.20.7", "classnames": "^2.2.1", "rc-util": "^5.44.1", "resize-observer-polyfill": "^1.5.1" }, "peerDependencies": { "react": ">=16.9.0", "react-dom": ">=16.9.0" } }, "sha512-YZLjUbyIWox8E9i9C3Tm7ia+W7euPItNWSPX5sCcQTYbnwDb5uNpnLHQCG1f22oZWUhLw4Mv2tFmeWe68CDQRQ=="],

    "rc-segmented": ["rc-segmented@2.7.0", "", { "dependencies": { "@babel/runtime": "^7.11.1", "classnames": "^2.2.1", "rc-motion": "^2.4.4", "rc-util": "^5.17.0" }, "peerDependencies": { "react": ">=16.0.0", "react-dom": ">=16.0.0" } }, "sha512-liijAjXz+KnTRVnxxXG2sYDGd6iLL7VpGGdR8gwoxAXy2KglviKCxLWZdjKYJzYzGSUwKDSTdYk8brj54Bn5BA=="],

    "rc-select": ["rc-select@14.16.8", "", { "dependencies": { "@babel/runtime": "^7.10.1", "@rc-component/trigger": "^2.1.1", "classnames": "2.x", "rc-motion": "^2.0.1", "rc-overflow": "^1.3.1", "rc-util": "^5.16.1", "rc-virtual-list": "^3.5.2" }, "peerDependencies": { "react": "*", "react-dom": "*" } }, "sha512-NOV5BZa1wZrsdkKaiK7LHRuo5ZjZYMDxPP6/1+09+FB4KoNi8jcG1ZqLE3AVCxEsYMBe65OBx71wFoHRTP3LRg=="],

    "rc-slider": ["rc-slider@11.1.9", "", { "dependencies": { "@babel/runtime": "^7.10.1", "classnames": "^2.2.5", "rc-util": "^5.36.0" }, "peerDependencies": { "react": ">=16.9.0", "react-dom": ">=16.9.0" } }, "sha512-h8IknhzSh3FEM9u8ivkskh+Ef4Yo4JRIY2nj7MrH6GQmrwV6mcpJf5/4KgH5JaVI1H3E52yCdpOlVyGZIeph5A=="],

    "rc-steps": ["rc-steps@6.0.1", "", { "dependencies": { "@babel/runtime": "^7.16.7", "classnames": "^2.2.3", "rc-util": "^5.16.1" }, "peerDependencies": { "react": ">=16.9.0", "react-dom": ">=16.9.0" } }, "sha512-lKHL+Sny0SeHkQKKDJlAjV5oZ8DwCdS2hFhAkIjuQt1/pB81M0cA0ErVFdHq9+jmPmFw1vJB2F5NBzFXLJxV+g=="],

    "rc-switch": ["rc-switch@4.1.0", "", { "dependencies": { "@babel/runtime": "^7.21.0", "classnames": "^2.2.1", "rc-util": "^5.30.0" }, "peerDependencies": { "react": ">=16.9.0", "react-dom": ">=16.9.0" } }, "sha512-TI8ufP2Az9oEbvyCeVE4+90PDSljGyuwix3fV58p7HV2o4wBnVToEyomJRVyTaZeqNPAp+vqeo4Wnj5u0ZZQBg=="],

    "rc-table": ["rc-table@7.54.0", "", { "dependencies": { "@babel/runtime": "^7.10.1", "@rc-component/context": "^1.4.0", "classnames": "^2.2.5", "rc-resize-observer": "^1.1.0", "rc-util": "^5.44.3", "rc-virtual-list": "^3.14.2" }, "peerDependencies": { "react": ">=16.9.0", "react-dom": ">=16.9.0" } }, "sha512-/wDTkki6wBTjwylwAGjpLKYklKo9YgjZwAU77+7ME5mBoS32Q4nAwoqhA2lSge6fobLW3Tap6uc5xfwaL2p0Sw=="],

    "rc-tabs": ["rc-tabs@15.7.0", "", { "dependencies": { "@babel/runtime": "^7.11.2", "classnames": "2.x", "rc-dropdown": "~4.2.0", "rc-menu": "~9.16.0", "rc-motion": "^2.6.2", "rc-resize-observer": "^1.0.0", "rc-util": "^5.34.1" }, "peerDependencies": { "react": ">=16.9.0", "react-dom": ">=16.9.0" } }, "sha512-ZepiE+6fmozYdWf/9gVp7k56PKHB1YYoDsKeQA1CBlJ/POIhjkcYiv0AGP0w2Jhzftd3AVvZP/K+V+Lpi2ankA=="],

    "rc-textarea": ["rc-textarea@1.10.2", "", { "dependencies": { "@babel/runtime": "^7.10.1", "classnames": "^2.2.1", "rc-input": "~1.8.0", "rc-resize-observer": "^1.0.0", "rc-util": "^5.27.0" }, "peerDependencies": { "react": ">=16.9.0", "react-dom": ">=16.9.0" } }, "sha512-HfaeXiaSlpiSp0I/pvWpecFEHpVysZ9tpDLNkxQbMvMz6gsr7aVZ7FpWP9kt4t7DB+jJXesYS0us1uPZnlRnwQ=="],

    "rc-tooltip": ["rc-tooltip@6.4.0", "", { "dependencies": { "@babel/runtime": "^7.11.2", "@rc-component/trigger": "^2.0.0", "classnames": "^2.3.1", "rc-util": "^5.44.3" }, "peerDependencies": { "react": ">=16.9.0", "react-dom": ">=16.9.0" } }, "sha512-kqyivim5cp8I5RkHmpsp1Nn/Wk+1oeloMv9c7LXNgDxUpGm+RbXJGL+OPvDlcRnx9DBeOe4wyOIl4OKUERyH1g=="],

    "rc-tree": ["rc-tree@5.13.1", "", { "dependencies": { "@babel/runtime": "^7.10.1", "classnames": "2.x", "rc-motion": "^2.0.1", "rc-util": "^5.16.1", "rc-virtual-list": "^3.5.1" }, "peerDependencies": { "react": "*", "react-dom": "*" } }, "sha512-FNhIefhftobCdUJshO7M8uZTA9F4OPGVXqGfZkkD/5soDeOhwO06T/aKTrg0WD8gRg/pyfq+ql3aMymLHCTC4A=="],

    "rc-tree-select": ["rc-tree-select@5.27.0", "", { "dependencies": { "@babel/runtime": "^7.25.7", "classnames": "2.x", "rc-select": "~14.16.2", "rc-tree": "~5.13.0", "rc-util": "^5.43.0" }, "peerDependencies": { "react": "*", "react-dom": "*" } }, "sha512-2qTBTzwIT7LRI1o7zLyrCzmo5tQanmyGbSaGTIf7sYimCklAToVVfpMC6OAldSKolcnjorBYPNSKQqJmN3TCww=="],

    "rc-upload": ["rc-upload@4.11.0", "", { "dependencies": { "@babel/runtime": "^7.18.3", "classnames": "^2.2.5", "rc-util": "^5.2.0" }, "peerDependencies": { "react": ">=16.9.0", "react-dom": ">=16.9.0" } }, "sha512-ZUyT//2JAehfHzjWowqROcwYJKnZkIUGWaTE/VogVrepSl7AFNbQf4+zGfX4zl9Vrj/Jm8scLO0R6UlPDKK4wA=="],

    "rc-util": ["rc-util@5.44.4", "", { "dependencies": { "@babel/runtime": "^7.18.3", "react-is": "^18.2.0" }, "peerDependencies": { "react": ">=16.9.0", "react-dom": ">=16.9.0" } }, "sha512-resueRJzmHG9Q6rI/DfK6Kdv9/Lfls05vzMs1Sk3M2P+3cJa+MakaZyWY8IPfehVuhPJFKrIY1IK4GqbiaiY5w=="],

    "rc-virtual-list": ["rc-virtual-list@3.19.2", "", { "dependencies": { "@babel/runtime": "^7.20.0", "classnames": "^2.2.6", "rc-resize-observer": "^1.0.0", "rc-util": "^5.36.0" }, "peerDependencies": { "react": ">=16.9.0", "react-dom": ">=16.9.0" } }, "sha512-Ys6NcjwGkuwkeaWBDqfI3xWuZ7rDiQXlH1o2zLfFzATfEgXcqpk8CkgMfbJD81McqjcJVez25a3kPxCR807evA=="],

    "react": ["react@19.2.0", "", {}, "sha512-tmbWg6W31tQLeB5cdIBOicJDJRR2KzXsV7uSK9iNfLWQ5bIZfxuPEHp7M8wiHyHnn0DD1i7w3Zmin0FtkrwoCQ=="],

    "react-dom": ["react-dom@19.2.0", "", { "dependencies": { "scheduler": "^0.27.0" }, "peerDependencies": { "react": "^19.2.0" } }, "sha512-UlbRu4cAiGaIewkPyiRGJk0imDN2T3JjieT6spoL2UeSf5od4n5LB/mQ4ejmxhCFT1tYe8IvaFulzynWovsEFQ=="],

    "react-is": ["react-is@18.3.1", "", {}, "sha512-/LLMVyas0ljjAtoYiPqYiL8VWXzUUdThrmU5+n20DZv+a+ClRoevUzw5JxU+Ieh5/c87ytoTBV9G1FiKfNJdmg=="],

    "resize-observer-polyfill": ["resize-observer-polyfill@1.5.1", "", {}, "sha512-LwZrotdHOo12nQuZlHEmtuXdqGoOD0OhaxopaNFxWzInpEgaLWoVuAMbTzixuosCx2nEG58ngzW3vxdWoxIgdg=="],

    "scheduler": ["scheduler@0.27.0", "", {}, "sha512-eNv+WrVbKu1f3vbYJT/xtiF5syA5HPIMtf9IgY/nKg0sWqzAUEvqY/xm7OcZc/qafLx/iO9FgOmeSAp4v5ti/Q=="],

    "scroll-into-view-if-needed": ["scroll-into-view-if-needed@3.1.0", "", { "dependencies": { "compute-scroll-into-view": "^3.0.2" } }, "sha512-49oNpRjWRvnU8NyGVmUaYG4jtTkNonFZI86MmGRDqBphEK2EXT9gdEUoQPZhuBM8yWHxCWbobltqYO5M4XrUvQ=="],

    "string-convert": ["string-convert@0.2.1", "", {}, "sha512-u/1tdPl4yQnPBjnVrmdLo9gtuLvELKsAoRapekWggdiQNvvvum+jYF329d84NAa660KQw7pB2n36KrIKVoXa3A=="],

    "stylis": ["stylis@4.3.6", "", {}, "sha512-yQ3rwFWRfwNUY7H5vpU0wfdkNSnvnJinhF9830Swlaxl03zsOjCfmX0ugac+3LtK0lYSgwL/KXc8oYL3mG4YFQ=="],

    "throttle-debounce": ["throttle-debounce@5.0.2", "", {}, "sha512-B71/4oyj61iNH0KeCamLuE2rmKuTO5byTOSVwECM5FA7TiAiAW+UqTKZ9ERueC4qvgSttUhdmq1mXC3kJqGX7A=="],

    "toggle-selection": ["toggle-selection@1.0.6", "", {}, "sha512-BiZS+C1OS8g/q2RRbJmy59xpyghNBqrr6k5L/uKBGRsTfxmu3ffiRnd8mlGPUVayg8pvfi5urfnu8TU7DVOkLQ=="],

    "toml": ["toml@3.0.0", "", {}, "sha512-y/mWCZinnvxjTKYhJ+pYxwD0mRLVvOtdS2Awbgxln6iEnt4rk0yBxeSBHkGJcPucRiG0e55mwWp+g/05rsrd6w=="],

    "undici-types": ["undici-types@7.16.0", "", {}, "sha512-Zz+aZWSj8LE6zoxD+xrjh4VfkIG8Ya6LvYkZqtUQGJPZjYl53ypCaUwWqo7eI0x66KBGeRo+mlBEkMSeSZ38Nw=="],
  }
}
